
Microsoft Visual Studio Solution File, Format Version 12.00
# Visual Studio 15
VisualStudioVersion = 15.0.28307.902
MinimumVisualStudioVersion = 10.0.40219.1
Project("{F184B08F-C81C-45F6-A57F-5ABD9991F28F}") = "Eventbrite", "Eventbrite\Eventbrite.vbproj", "{CAFC3420-A8C1-4360-B172-2464F05EFA0A}"
EndProject
Global
	GlobalSection(SolutionConfigurationPlatforms) = preSolution
		Debug|Any CPU = Debug|Any CPU
		Debug|x86 = Debug|x86
		Release|Any CPU = Release|Any CPU
		Release|x86 = Release|x86
	EndGlobalSection
	GlobalSection(ProjectConfigurationPlatforms) = postSolution
		{CAFC3420-A8C1-4360-B172-2464F05EFA0A}.Debug|Any CPU.ActiveCfg = Debug|Any CPU
		{CAFC3420-A8C1-4360-B172-2464F05EFA0A}.Debug|Any CPU.Build.0 = Debug|Any CPU
		{CAFC3420-A8C1-4360-B172-2464F05EFA0A}.Debug|x86.ActiveCfg = Debug|x86
		{CAFC3420-A8C1-4360-B172-2464F05EFA0A}.Debug|x86.Build.0 = Debug|x86
		{CAFC3420-A8C1-4360-B172-2464F05EFA0A}.Release|Any CPU.ActiveCfg = Release|Any CPU
		{CAFC3420-A8C1-4360-B172-2464F05EFA0A}.Release|Any CPU.Build.0 = Release|Any CPU
		{CAFC3420-A8C1-4360-B172-2464F05EFA0A}.Release|x86.ActiveCfg = Release|x86
		{CAFC3420-A8C1-4360-B172-2464F05EFA0A}.Release|x86.Build.0 = Release|x86
	EndGlobalSection
	GlobalSection(SolutionProperties) = preSolution
		HideSolutionNode = FALSE
	EndGlobalSection
	GlobalSection(ExtensibilityGlobals) = postSolution
		SolutionGuid = {C04B5026-35D2-436C-94CD-A342F1F34CAE}
	EndGlobalSection
EndGlobal
